<?xml version="1.0" encoding="utf-8"?>
<Project ToolsVersion="4.0" xmlns="http://schemas.microsoft.com/developer/msbuild/2003">
  <ItemGroup>
    <Filter Include="Source Files">
      <UniqueIdentifier>{4FC737F1-C7A5-4376-A066-2A32D752A2FF}</UniqueIdentifier>
      <Extensions>cpp;c;cc;cxx;def;odl;idl;hpj;bat;asm;asmx</Extensions>
    </Filter>
    <Filter Include="Header Files">
      <UniqueIdentifier>{93995380-89BD-4b04-88EB-625FBE52EBFB}</UniqueIdentifier>
      <Extensions>h;hh;hpp;hxx;hm;inl;inc;xsd</Extensions>
    </Filter>
    <Filter Include="Resource Files">
      <UniqueIdentifier>{67DA6AB6-F800-4c08-8B7A-83BB121AAD01}</UniqueIdentifier>
      <Extensions>rc;ico;cur;bmp;dlg;rc2;rct;bin;rgs;gif;jpg;jpeg;jpe;resx;tiff;tif;png;wav;mfcribbon-ms</Extensions>
    </Filter>
  </ItemGroup>
  <ItemGroup>
    <ClInclude Include="demo.h">
      <Filter>Header Files</Filter>
    </ClInclude>
    <ClInclude Include="BitManipulation.h">
      <Filter>Header Files</Filter>
    </ClInclude>
    <ClInclude Include="callCenter.h">
      <Filter>Header Files</Filter>
    </ClInclude>
    <ClInclude Include="CallHandler.h">
      <Filter>Header Files</Filter>
    </ClInclude>
    <ClInclude Include="CardClass.h">
      <Filter>Header Files</Filter>
    </ClInclude>
    <ClInclude Include="child1C.h">
      <Filter>Header Files</Filter>
    </ClInclude>
    <ClInclude Include="CustomPointer.h">
      <Filter>Header Files</Filter>
    </ClInclude>
    <ClInclude Include="demoClass.h">
      <Filter>Header Files</Filter>
    </ClInclude>
    <ClInclude Include="Employee.h">
      <Filter>Header Files</Filter>
    </ClInclude>
    <ClInclude Include="Oragnization.h">
      <Filter>Header Files</Filter>
    </ClInclude>
    <ClInclude Include="parent1C.h">
      <Filter>Header Files</Filter>
    </ClInclude>
    <ClInclude Include="SingleList.h">
      <Filter>Header Files</Filter>
    </ClInclude>
    <ClInclude Include="StackProg.h">
      <Filter>Header Files</Filter>
    </ClInclude>
    <ClInclude Include="StringProg.h">
      <Filter>Header Files</Filter>
    </ClInclude>
    <ClInclude Include="TreeProg.h">
      <Filter>Header Files</Filter>
    </ClInclude>
    <ClInclude Include="unorderedAnagrams.h">
      <Filter>Header Files</Filter>
    </ClInclude>
    <ClInclude Include="ArrayProg.h">
      <Filter>Header Files</Filter>
    </ClInclude>
    <ClInclude Include="CustomeHashTable.h">
      <Filter>Header Files</Filter>
    </ClInclude>
    <ClInclude Include="LRUCache.h">
      <Filter>Header Files</Filter>
    </ClInclude>
    <ClInclude Include="LRUAdv.h">
      <Filter>Header Files</Filter>
    </ClInclude>
    <ClInclude Include="demo1.h">
      <Filter>Header Files</Filter>
    </ClInclude>
    <ClInclude Include="Tree.h">
      <Filter>Header Files</Filter>
    </ClInclude>
    <ClInclude Include="ThreadDemo.h">
      <Filter>Header Files</Filter>
    </ClInclude>
  </ItemGroup>
  <ItemGroup>
    <ClCompile Include="demo.cpp">
      <Filter>Source Files</Filter>
    </ClCompile>
    <ClCompile Include="ArrayProg.cpp">
      <Filter>Source Files</Filter>
    </ClCompile>
    <ClCompile Include="BitManipulation.cpp">
      <Filter>Source Files</Filter>
    </ClCompile>
    <ClCompile Include="callCenter.cpp">
      <Filter>Source Files</Filter>
    </ClCompile>
    <ClCompile Include="CallHandler.cpp">
      <Filter>Source Files</Filter>
    </ClCompile>
    <ClCompile Include="CardClass.cpp">
      <Filter>Source Files</Filter>
    </ClCompile>
    <ClCompile Include="child1C.cpp">
      <Filter>Source Files</Filter>
    </ClCompile>
    <ClCompile Include="CustomPointer.cpp">
      <Filter>Source Files</Filter>
    </ClCompile>
    <ClCompile Include="demoClass.cpp">
      <Filter>Source Files</Filter>
    </ClCompile>
    <ClCompile Include="Employee.cpp">
      <Filter>Source Files</Filter>
    </ClCompile>
    <ClCompile Include="Oragnization.cpp">
      <Filter>Source Files</Filter>
    </ClCompile>
    <ClCompile Include="parent1C.cpp">
      <Filter>Source Files</Filter>
    </ClCompile>
    <ClCompile Include="SingleList.cpp">
      <Filter>Source Files</Filter>
    </ClCompile>
    <ClCompile Include="Source.cpp">
      <Filter>Source Files</Filter>
    </ClCompile>
    <ClCompile Include="StringProg.cpp">
      <Filter>Source Files</Filter>
    </ClCompile>
    <ClCompile Include="CustomeHashTable.cpp">
      <Filter>Source Files</Filter>
    </ClCompile>
    <ClCompile Include="LRUCache.cpp">
      <Filter>Source Files</Filter>
    </ClCompile>
    <ClCompile Include="LRUAdv.cpp">
      <Filter>Source Files</Filter>
    </ClCompile>
    <ClCompile Include="demo1.cpp">
      <Filter>Source Files</Filter>
    </ClCompile>
    <ClCompile Include="Tree.cpp">
      <Filter>Source Files</Filter>
    </ClCompile>
    <ClCompile Include="ThreadDemo.cpp">
      <Filter>Source Files</Filter>
    </ClCompile>
  </ItemGroup>
</Project>